
Microsoft Visual Studio Solution File, Format Version 12.00
# Visual Studio Version 17
VisualStudioVersion = 17.8.34322.80
MinimumVisualStudioVersion = 10.0.40219.1
Project("{2150E333-8FDC-42A3-9474-1A3956D46DE8}") = "Services", "Services", "{E2F1A7D6-E9EA-4630-B879-BEE12C5ED99E}"
EndProject
Project("{E53339B2-1760-4266-BCC7-CA923CBCF16C}") = "docker-compose", "docker-compose.dcproj", "{A11C982B-E0D2-4D15-B5DD-AD1308B32371}"
EndProject
Project("{2150E333-8FDC-42A3-9474-1A3956D46DE8}") = "Catalog", "Catalog", "{3AC7B8D9-5A48-4E8E-8D10-970390EC597B}"
EndProject
Project("{9A19103F-16F7-4668-BE54-9A1E7A4F7556}") = "Catalog.API", "Services\Catalog\Catalog.API\Catalog.API.csproj", "{2188F4F6-651B-41D7-B2E0-ECBEC0F6C26B}"
EndProject
Project("{9A19103F-16F7-4668-BE54-9A1E7A4F7556}") = "Catalog.Application", "Services\Catalog\Catalog.Application\Catalog.Application.csproj", "{25CA4A4E-DA93-48F1-835A-E47E365402FB}"
EndProject
Project("{9A19103F-16F7-4668-BE54-9A1E7A4F7556}") = "Catalog.Core", "Services\Catalog\Catalog.Core\Catalog.Core.csproj", "{F765DEBE-772E-42C6-BF8D-59D86C246B9C}"
EndProject
Project("{9A19103F-16F7-4668-BE54-9A1E7A4F7556}") = "Catalog.Infrastructure", "Services\Catalog\Catalog.Infrastructure\Catalog.Infrastructure.csproj", "{2B5A138D-0EB2-468F-8843-CBD8A21CC6D2}"
EndProject
Global
	GlobalSection(SolutionConfigurationPlatforms) = preSolution
		Debug|Any CPU = Debug|Any CPU
		Release|Any CPU = Release|Any CPU
	EndGlobalSection
	GlobalSection(ProjectConfigurationPlatforms) = postSolution
		{A11C982B-E0D2-4D15-B5DD-AD1308B32371}.Debug|Any CPU.ActiveCfg = Debug|Any CPU
		{A11C982B-E0D2-4D15-B5DD-AD1308B32371}.Debug|Any CPU.Build.0 = Debug|Any CPU
		{A11C982B-E0D2-4D15-B5DD-AD1308B32371}.Release|Any CPU.ActiveCfg = Release|Any CPU
		{A11C982B-E0D2-4D15-B5DD-AD1308B32371}.Release|Any CPU.Build.0 = Release|Any CPU
		{2188F4F6-651B-41D7-B2E0-ECBEC0F6C26B}.Debug|Any CPU.ActiveCfg = Debug|Any CPU
		{2188F4F6-651B-41D7-B2E0-ECBEC0F6C26B}.Debug|Any CPU.Build.0 = Debug|Any CPU
		{2188F4F6-651B-41D7-B2E0-ECBEC0F6C26B}.Release|Any CPU.ActiveCfg = Release|Any CPU
		{2188F4F6-651B-41D7-B2E0-ECBEC0F6C26B}.Release|Any CPU.Build.0 = Release|Any CPU
		{25CA4A4E-DA93-48F1-835A-E47E365402FB}.Debug|Any CPU.ActiveCfg = Debug|Any CPU
		{25CA4A4E-DA93-48F1-835A-E47E365402FB}.Debug|Any CPU.Build.0 = Debug|Any CPU
		{25CA4A4E-DA93-48F1-835A-E47E365402FB}.Release|Any CPU.ActiveCfg = Release|Any CPU
		{25CA4A4E-DA93-48F1-835A-E47E365402FB}.Release|Any CPU.Build.0 = Release|Any CPU
		{F765DEBE-772E-42C6-BF8D-59D86C246B9C}.Debug|Any CPU.ActiveCfg = Debug|Any CPU
		{F765DEBE-772E-42C6-BF8D-59D86C246B9C}.Debug|Any CPU.Build.0 = Debug|Any CPU
		{F765DEBE-772E-42C6-BF8D-59D86C246B9C}.Release|Any CPU.ActiveCfg = Release|Any CPU
		{F765DEBE-772E-42C6-BF8D-59D86C246B9C}.Release|Any CPU.Build.0 = Release|Any CPU
		{2B5A138D-0EB2-468F-8843-CBD8A21CC6D2}.Debug|Any CPU.ActiveCfg = Debug|Any CPU
		{2B5A138D-0EB2-468F-8843-CBD8A21CC6D2}.Debug|Any CPU.Build.0 = Debug|Any CPU
		{2B5A138D-0EB2-468F-8843-CBD8A21CC6D2}.Release|Any CPU.ActiveCfg = Release|Any CPU
		{2B5A138D-0EB2-468F-8843-CBD8A21CC6D2}.Release|Any CPU.Build.0 = Release|Any CPU
	EndGlobalSection
	GlobalSection(SolutionProperties) = preSolution
		HideSolutionNode = FALSE
	EndGlobalSection
	GlobalSection(NestedProjects) = preSolution
		{3AC7B8D9-5A48-4E8E-8D10-970390EC597B} = {E2F1A7D6-E9EA-4630-B879-BEE12C5ED99E}
		{2188F4F6-651B-41D7-B2E0-ECBEC0F6C26B} = {3AC7B8D9-5A48-4E8E-8D10-970390EC597B}
		{25CA4A4E-DA93-48F1-835A-E47E365402FB} = {3AC7B8D9-5A48-4E8E-8D10-970390EC597B}
		{F765DEBE-772E-42C6-BF8D-59D86C246B9C} = {3AC7B8D9-5A48-4E8E-8D10-970390EC597B}
		{2B5A138D-0EB2-468F-8843-CBD8A21CC6D2} = {3AC7B8D9-5A48-4E8E-8D10-970390EC597B}
	EndGlobalSection
	GlobalSection(ExtensibilityGlobals) = postSolution
		SolutionGuid = {3A50DC77-515B-4F56-87DE-260B16B590D3}
	EndGlobalSection
EndGlobal
