
Microsoft Visual Studio Solution File, Format Version 12.00
# Visual Studio Version 17
VisualStudioVersion = 17.8.34322.80
MinimumVisualStudioVersion = 10.0.40219.1
Project("{2150E333-8FDC-42A3-9474-1A3956D46DE8}") = "Services", "Services", "{E2F1A7D6-E9EA-4630-B879-BEE12C5ED99E}"
EndProject
Project("{2150E333-8FDC-42A3-9474-1A3956D46DE8}") = "Catalog", "Catalog", "{7267F4E7-68C9-4F5C-A708-02C8F0CB722A}"
EndProject
Project("{FAE04EC0-301F-11D3-BF4B-00C04F79EFBC}") = "Catalog.API", "Catalog\Catalog.API\Catalog.API.csproj", "{3DCCFD8E-82BA-4C16-8001-FF6166962CAC}"
EndProject
Project("{FAE04EC0-301F-11D3-BF4B-00C04F79EFBC}") = "Catalog.Core", "Catalog\Catalog.Core\Catalog.Core.csproj", "{CB1A9DAE-90D6-4EFF-8215-45B6319EB17C}"
EndProject
Project("{FAE04EC0-301F-11D3-BF4B-00C04F79EFBC}") = "Catalog.Application", "Catalog\Catalog.Application\Catalog.Application.csproj", "{4BF39C04-9633-45FA-8111-4588D0B0DA8B}"
EndProject
Project("{FAE04EC0-301F-11D3-BF4B-00C04F79EFBC}") = "Catalog.Infrastructure", "Catalog\Catalog.Infrastructure\Catalog.Infrastructure.csproj", "{50613668-FFF8-4EEE-B9F0-1817E30E177C}"
EndProject
Global
	GlobalSection(SolutionConfigurationPlatforms) = preSolution
		Debug|Any CPU = Debug|Any CPU
		Release|Any CPU = Release|Any CPU
	EndGlobalSection
	GlobalSection(ProjectConfigurationPlatforms) = postSolution
		{3DCCFD8E-82BA-4C16-8001-FF6166962CAC}.Debug|Any CPU.ActiveCfg = Debug|Any CPU
		{3DCCFD8E-82BA-4C16-8001-FF6166962CAC}.Debug|Any CPU.Build.0 = Debug|Any CPU
		{3DCCFD8E-82BA-4C16-8001-FF6166962CAC}.Release|Any CPU.ActiveCfg = Release|Any CPU
		{3DCCFD8E-82BA-4C16-8001-FF6166962CAC}.Release|Any CPU.Build.0 = Release|Any CPU
		{CB1A9DAE-90D6-4EFF-8215-45B6319EB17C}.Debug|Any CPU.ActiveCfg = Debug|Any CPU
		{CB1A9DAE-90D6-4EFF-8215-45B6319EB17C}.Debug|Any CPU.Build.0 = Debug|Any CPU
		{CB1A9DAE-90D6-4EFF-8215-45B6319EB17C}.Release|Any CPU.ActiveCfg = Release|Any CPU
		{CB1A9DAE-90D6-4EFF-8215-45B6319EB17C}.Release|Any CPU.Build.0 = Release|Any CPU
		{4BF39C04-9633-45FA-8111-4588D0B0DA8B}.Debug|Any CPU.ActiveCfg = Debug|Any CPU
		{4BF39C04-9633-45FA-8111-4588D0B0DA8B}.Debug|Any CPU.Build.0 = Debug|Any CPU
		{4BF39C04-9633-45FA-8111-4588D0B0DA8B}.Release|Any CPU.ActiveCfg = Release|Any CPU
		{4BF39C04-9633-45FA-8111-4588D0B0DA8B}.Release|Any CPU.Build.0 = Release|Any CPU
		{50613668-FFF8-4EEE-B9F0-1817E30E177C}.Debug|Any CPU.ActiveCfg = Debug|Any CPU
		{50613668-FFF8-4EEE-B9F0-1817E30E177C}.Debug|Any CPU.Build.0 = Debug|Any CPU
		{50613668-FFF8-4EEE-B9F0-1817E30E177C}.Release|Any CPU.ActiveCfg = Release|Any CPU
		{50613668-FFF8-4EEE-B9F0-1817E30E177C}.Release|Any CPU.Build.0 = Release|Any CPU
	EndGlobalSection
	GlobalSection(SolutionProperties) = preSolution
		HideSolutionNode = FALSE
	EndGlobalSection
	GlobalSection(NestedProjects) = preSolution
		{7267F4E7-68C9-4F5C-A708-02C8F0CB722A} = {E2F1A7D6-E9EA-4630-B879-BEE12C5ED99E}
		{3DCCFD8E-82BA-4C16-8001-FF6166962CAC} = {7267F4E7-68C9-4F5C-A708-02C8F0CB722A}
		{CB1A9DAE-90D6-4EFF-8215-45B6319EB17C} = {7267F4E7-68C9-4F5C-A708-02C8F0CB722A}
		{4BF39C04-9633-45FA-8111-4588D0B0DA8B} = {7267F4E7-68C9-4F5C-A708-02C8F0CB722A}
		{50613668-FFF8-4EEE-B9F0-1817E30E177C} = {7267F4E7-68C9-4F5C-A708-02C8F0CB722A}
	EndGlobalSection
	GlobalSection(ExtensibilityGlobals) = postSolution
		SolutionGuid = {3A50DC77-515B-4F56-87DE-260B16B590D3}
	EndGlobalSection
EndGlobal
