
Microsoft Visual Studio Solution File, Format Version 12.00
# Visual Studio Version 17
VisualStudioVersion = 17.8.34322.80
MinimumVisualStudioVersion = 10.0.40219.1
Project("{2150E333-8FDC-42A3-9474-1A3956D46DE8}") = "Services", "Services", "{E2F1A7D6-E9EA-4630-B879-BEE12C5ED99E}"
EndProject
Project("{E53339B2-1760-4266-BCC7-CA923CBCF16C}") = "docker-compose", "docker-compose.dcproj", "{A11C982B-E0D2-4D15-B5DD-AD1308B32371}"
EndProject
Project("{2150E333-8FDC-42A3-9474-1A3956D46DE8}") = "Catalog", "Catalog", "{3AC7B8D9-5A48-4E8E-8D10-970390EC597B}"
EndProject
Project("{9A19103F-16F7-4668-BE54-9A1E7A4F7556}") = "Catalog.API", "Services\Catalog\Catalog.API\Catalog.API.csproj", "{2188F4F6-651B-41D7-B2E0-ECBEC0F6C26B}"
EndProject
Project("{9A19103F-16F7-4668-BE54-9A1E7A4F7556}") = "Catalog.Application", "Services\Catalog\Catalog.Application\Catalog.Application.csproj", "{25CA4A4E-DA93-48F1-835A-E47E365402FB}"
EndProject
Project("{9A19103F-16F7-4668-BE54-9A1E7A4F7556}") = "Catalog.Core", "Services\Catalog\Catalog.Core\Catalog.Core.csproj", "{F765DEBE-772E-42C6-BF8D-59D86C246B9C}"
EndProject
Project("{9A19103F-16F7-4668-BE54-9A1E7A4F7556}") = "Catalog.Infrastructure", "Services\Catalog\Catalog.Infrastructure\Catalog.Infrastructure.csproj", "{2B5A138D-0EB2-468F-8843-CBD8A21CC6D2}"
EndProject
Project("{2150E333-8FDC-42A3-9474-1A3956D46DE8}") = "Basket", "Basket", "{EEECE9E3-15B5-442E-B267-CFD2E8501082}"
EndProject
Project("{9A19103F-16F7-4668-BE54-9A1E7A4F7556}") = "Basket.Application", "Services\Basket\Basket.Application\Basket.Application.csproj", "{E04BB3B4-127C-4B2A-9177-90CD7F90F648}"
EndProject
Project("{9A19103F-16F7-4668-BE54-9A1E7A4F7556}") = "Basket.Core", "Services\Basket\Basket.Core\Basket.Core.csproj", "{7A540B78-1747-4CB8-A1A2-BF51C904A6BC}"
EndProject
Project("{9A19103F-16F7-4668-BE54-9A1E7A4F7556}") = "Basket.Infrastructure", "Services\Basket\Basket.Infrastructure\Basket.Infrastructure.csproj", "{33A3EF89-09EB-44C3-BBAD-CCC8D4CCDCE8}"
EndProject
Project("{9A19103F-16F7-4668-BE54-9A1E7A4F7556}") = "Basket.API", "Services\Basket\Basket.API\Basket.API.csproj", "{FFA2BB9E-1138-45B6-9CFF-DE230F5E9C57}"
EndProject
Project("{2150E333-8FDC-42A3-9474-1A3956D46DE8}") = "Discount", "Discount", "{E39BAA52-5FD0-4368-A445-0DC150546F0E}"
EndProject
Project("{FAE04EC0-301F-11D3-BF4B-00C04F79EFBC}") = "Discount.Core", "Services\Discount\Discount.Core\Discount.Core.csproj", "{89DEF085-F889-405F-B629-8F7DEE5D5681}"
EndProject
Project("{FAE04EC0-301F-11D3-BF4B-00C04F79EFBC}") = "Discount.Application", "Services\Discount\Discount.Application\Discount.Application.csproj", "{9C1ABBD1-774C-40D1-87D7-DF49048CC104}"
EndProject
Project("{FAE04EC0-301F-11D3-BF4B-00C04F79EFBC}") = "Discount.Infrastructure", "Services\Discount\Discount.Infrastructure\Discount.Infrastructure.csproj", "{E40F71F1-7ADF-4C96-B622-1D13119B9E0F}"
EndProject
Project("{FAE04EC0-301F-11D3-BF4B-00C04F79EFBC}") = "Discount.API", "Services\Discount\Discount.API\Discount.API.csproj", "{4B185038-066B-4D8F-94A4-060142F5A285}"
EndProject
Global
	GlobalSection(SolutionConfigurationPlatforms) = preSolution
		Debug|Any CPU = Debug|Any CPU
		Release|Any CPU = Release|Any CPU
	EndGlobalSection
	GlobalSection(ProjectConfigurationPlatforms) = postSolution
		{A11C982B-E0D2-4D15-B5DD-AD1308B32371}.Debug|Any CPU.ActiveCfg = Debug|Any CPU
		{A11C982B-E0D2-4D15-B5DD-AD1308B32371}.Debug|Any CPU.Build.0 = Debug|Any CPU
		{A11C982B-E0D2-4D15-B5DD-AD1308B32371}.Release|Any CPU.ActiveCfg = Release|Any CPU
		{A11C982B-E0D2-4D15-B5DD-AD1308B32371}.Release|Any CPU.Build.0 = Release|Any CPU
		{2188F4F6-651B-41D7-B2E0-ECBEC0F6C26B}.Debug|Any CPU.ActiveCfg = Debug|Any CPU
		{2188F4F6-651B-41D7-B2E0-ECBEC0F6C26B}.Debug|Any CPU.Build.0 = Debug|Any CPU
		{2188F4F6-651B-41D7-B2E0-ECBEC0F6C26B}.Release|Any CPU.ActiveCfg = Release|Any CPU
		{2188F4F6-651B-41D7-B2E0-ECBEC0F6C26B}.Release|Any CPU.Build.0 = Release|Any CPU
		{25CA4A4E-DA93-48F1-835A-E47E365402FB}.Debug|Any CPU.ActiveCfg = Debug|Any CPU
		{25CA4A4E-DA93-48F1-835A-E47E365402FB}.Debug|Any CPU.Build.0 = Debug|Any CPU
		{25CA4A4E-DA93-48F1-835A-E47E365402FB}.Release|Any CPU.ActiveCfg = Release|Any CPU
		{25CA4A4E-DA93-48F1-835A-E47E365402FB}.Release|Any CPU.Build.0 = Release|Any CPU
		{F765DEBE-772E-42C6-BF8D-59D86C246B9C}.Debug|Any CPU.ActiveCfg = Debug|Any CPU
		{F765DEBE-772E-42C6-BF8D-59D86C246B9C}.Debug|Any CPU.Build.0 = Debug|Any CPU
		{F765DEBE-772E-42C6-BF8D-59D86C246B9C}.Release|Any CPU.ActiveCfg = Release|Any CPU
		{F765DEBE-772E-42C6-BF8D-59D86C246B9C}.Release|Any CPU.Build.0 = Release|Any CPU
		{2B5A138D-0EB2-468F-8843-CBD8A21CC6D2}.Debug|Any CPU.ActiveCfg = Debug|Any CPU
		{2B5A138D-0EB2-468F-8843-CBD8A21CC6D2}.Debug|Any CPU.Build.0 = Debug|Any CPU
		{2B5A138D-0EB2-468F-8843-CBD8A21CC6D2}.Release|Any CPU.ActiveCfg = Release|Any CPU
		{2B5A138D-0EB2-468F-8843-CBD8A21CC6D2}.Release|Any CPU.Build.0 = Release|Any CPU
		{E04BB3B4-127C-4B2A-9177-90CD7F90F648}.Debug|Any CPU.ActiveCfg = Debug|Any CPU
		{E04BB3B4-127C-4B2A-9177-90CD7F90F648}.Debug|Any CPU.Build.0 = Debug|Any CPU
		{E04BB3B4-127C-4B2A-9177-90CD7F90F648}.Release|Any CPU.ActiveCfg = Release|Any CPU
		{E04BB3B4-127C-4B2A-9177-90CD7F90F648}.Release|Any CPU.Build.0 = Release|Any CPU
		{7A540B78-1747-4CB8-A1A2-BF51C904A6BC}.Debug|Any CPU.ActiveCfg = Debug|Any CPU
		{7A540B78-1747-4CB8-A1A2-BF51C904A6BC}.Debug|Any CPU.Build.0 = Debug|Any CPU
		{7A540B78-1747-4CB8-A1A2-BF51C904A6BC}.Release|Any CPU.ActiveCfg = Release|Any CPU
		{7A540B78-1747-4CB8-A1A2-BF51C904A6BC}.Release|Any CPU.Build.0 = Release|Any CPU
		{33A3EF89-09EB-44C3-BBAD-CCC8D4CCDCE8}.Debug|Any CPU.ActiveCfg = Debug|Any CPU
		{33A3EF89-09EB-44C3-BBAD-CCC8D4CCDCE8}.Debug|Any CPU.Build.0 = Debug|Any CPU
		{33A3EF89-09EB-44C3-BBAD-CCC8D4CCDCE8}.Release|Any CPU.ActiveCfg = Release|Any CPU
		{33A3EF89-09EB-44C3-BBAD-CCC8D4CCDCE8}.Release|Any CPU.Build.0 = Release|Any CPU
		{FFA2BB9E-1138-45B6-9CFF-DE230F5E9C57}.Debug|Any CPU.ActiveCfg = Debug|Any CPU
		{FFA2BB9E-1138-45B6-9CFF-DE230F5E9C57}.Debug|Any CPU.Build.0 = Debug|Any CPU
		{FFA2BB9E-1138-45B6-9CFF-DE230F5E9C57}.Release|Any CPU.ActiveCfg = Release|Any CPU
		{FFA2BB9E-1138-45B6-9CFF-DE230F5E9C57}.Release|Any CPU.Build.0 = Release|Any CPU
		{89DEF085-F889-405F-B629-8F7DEE5D5681}.Debug|Any CPU.ActiveCfg = Debug|Any CPU
		{89DEF085-F889-405F-B629-8F7DEE5D5681}.Debug|Any CPU.Build.0 = Debug|Any CPU
		{89DEF085-F889-405F-B629-8F7DEE5D5681}.Release|Any CPU.ActiveCfg = Release|Any CPU
		{89DEF085-F889-405F-B629-8F7DEE5D5681}.Release|Any CPU.Build.0 = Release|Any CPU
		{9C1ABBD1-774C-40D1-87D7-DF49048CC104}.Debug|Any CPU.ActiveCfg = Debug|Any CPU
		{9C1ABBD1-774C-40D1-87D7-DF49048CC104}.Debug|Any CPU.Build.0 = Debug|Any CPU
		{9C1ABBD1-774C-40D1-87D7-DF49048CC104}.Release|Any CPU.ActiveCfg = Release|Any CPU
		{9C1ABBD1-774C-40D1-87D7-DF49048CC104}.Release|Any CPU.Build.0 = Release|Any CPU
		{E40F71F1-7ADF-4C96-B622-1D13119B9E0F}.Debug|Any CPU.ActiveCfg = Debug|Any CPU
		{E40F71F1-7ADF-4C96-B622-1D13119B9E0F}.Debug|Any CPU.Build.0 = Debug|Any CPU
		{E40F71F1-7ADF-4C96-B622-1D13119B9E0F}.Release|Any CPU.ActiveCfg = Release|Any CPU
		{E40F71F1-7ADF-4C96-B622-1D13119B9E0F}.Release|Any CPU.Build.0 = Release|Any CPU
		{4B185038-066B-4D8F-94A4-060142F5A285}.Debug|Any CPU.ActiveCfg = Debug|Any CPU
		{4B185038-066B-4D8F-94A4-060142F5A285}.Debug|Any CPU.Build.0 = Debug|Any CPU
		{4B185038-066B-4D8F-94A4-060142F5A285}.Release|Any CPU.ActiveCfg = Release|Any CPU
		{4B185038-066B-4D8F-94A4-060142F5A285}.Release|Any CPU.Build.0 = Release|Any CPU
	EndGlobalSection
	GlobalSection(SolutionProperties) = preSolution
		HideSolutionNode = FALSE
	EndGlobalSection
	GlobalSection(NestedProjects) = preSolution
		{3AC7B8D9-5A48-4E8E-8D10-970390EC597B} = {E2F1A7D6-E9EA-4630-B879-BEE12C5ED99E}
		{2188F4F6-651B-41D7-B2E0-ECBEC0F6C26B} = {3AC7B8D9-5A48-4E8E-8D10-970390EC597B}
		{25CA4A4E-DA93-48F1-835A-E47E365402FB} = {3AC7B8D9-5A48-4E8E-8D10-970390EC597B}
		{F765DEBE-772E-42C6-BF8D-59D86C246B9C} = {3AC7B8D9-5A48-4E8E-8D10-970390EC597B}
		{2B5A138D-0EB2-468F-8843-CBD8A21CC6D2} = {3AC7B8D9-5A48-4E8E-8D10-970390EC597B}
		{EEECE9E3-15B5-442E-B267-CFD2E8501082} = {E2F1A7D6-E9EA-4630-B879-BEE12C5ED99E}
		{E04BB3B4-127C-4B2A-9177-90CD7F90F648} = {EEECE9E3-15B5-442E-B267-CFD2E8501082}
		{7A540B78-1747-4CB8-A1A2-BF51C904A6BC} = {EEECE9E3-15B5-442E-B267-CFD2E8501082}
		{33A3EF89-09EB-44C3-BBAD-CCC8D4CCDCE8} = {EEECE9E3-15B5-442E-B267-CFD2E8501082}
		{FFA2BB9E-1138-45B6-9CFF-DE230F5E9C57} = {EEECE9E3-15B5-442E-B267-CFD2E8501082}
		{E39BAA52-5FD0-4368-A445-0DC150546F0E} = {E2F1A7D6-E9EA-4630-B879-BEE12C5ED99E}
		{89DEF085-F889-405F-B629-8F7DEE5D5681} = {E39BAA52-5FD0-4368-A445-0DC150546F0E}
		{9C1ABBD1-774C-40D1-87D7-DF49048CC104} = {E39BAA52-5FD0-4368-A445-0DC150546F0E}
		{E40F71F1-7ADF-4C96-B622-1D13119B9E0F} = {E39BAA52-5FD0-4368-A445-0DC150546F0E}
		{4B185038-066B-4D8F-94A4-060142F5A285} = {E39BAA52-5FD0-4368-A445-0DC150546F0E}
	EndGlobalSection
	GlobalSection(ExtensibilityGlobals) = postSolution
		SolutionGuid = {3A50DC77-515B-4F56-87DE-260B16B590D3}
	EndGlobalSection
EndGlobal
